// !$*UTF8*$!
{
	archiveVersion = 1;
	classes = {
	};
	objectVersion = 77;
	objects = {

/* Begin PBXFileReference section */
		D0BDF3FD2F6B89E30008E95E /* CLAUDE.md */ = {isa = PBXFileReference; lastKnownFileType = net.daringfireball.markdown; path = CLAUDE.md; sourceTree = "<group>"; };
		D0BDF3FE2F6B89E30008E95E /* README.md */ = {isa = PBXFileReference; lastKnownFileType = net.daringfireball.markdown; path = README.md; sourceTree = "<group>"; };
		D0BDF3FF2F6B89F70008E95E /* BenVanAken.txt */ = {isa = PBXFileReference; lastKnownFileType = text; path = BenVanAken.txt; sourceTree = "<group>"; };
		D0BDF4002F6B8A600008E95E /* Ben-square.jpeg */ = {isa = PBXFileReference; lastKnownFileType = image.jpeg; path = "Ben-square.jpeg"; sourceTree = "<group>"; };
		D0BDF4012F6B8A600008E95E /* Ben-portrait.jpeg */ = {isa = PBXFileReference; lastKnownFileType = image.jpeg; path = "Ben-portrait.jpeg"; sourceTree = "<group>"; };
/* End PBXFileReference section */

/* Begin PBXGroup section */
		D0BDF3F62F6B88AA0008E95E = {
			isa = PBXGroup;
			children = (
				D0BDF3FD2F6B89E30008E95E /* CLAUDE.md */,
				D0BDF3FE2F6B89E30008E95E /* README.md */,
				D0BDF3FF2F6B89F70008E95E /* BenVanAken.txt */,
				D0BDF4002F6B8A600008E95E /* Ben-square.jpeg */,
				D0BDF4012F6B8A600008E95E /* Ben-portrait.jpeg */,
			);
			sourceTree = "<group>";
		};
/* End PBXGroup section */

/* Begin PBXProject section */
		D0BDF3F72F6B88AA0008E95E /* Project object */ = {
			isa = PBXProject;
			attributes = {
				BuildIndependentTargetsInParallel = 1;
				LastUpgradeCheck = 2630;
			};
			buildConfigurationList = D0BDF3FA2F6B88AA0008E95E /* Build configuration list for PBXProject "BenVanAken" */;
			developmentRegion = en;
			hasScannedForEncodings = 0;
			knownRegions = (
				en,
				Base,
			);
			mainGroup = D0BDF3F62F6B88AA0008E95E;
			minimizedProjectReferenceProxies = 1;
			preferredProjectObjectVersion = 77;
			projectDirPath = "";
			projectRoot = "";
			targets = (
			);
		};
/* End PBXProject section */

/* Begin XCBuildConfiguration section */
		D0BDF3FB2F6B88AA0008E95E /* Debug */ = {
			isa = XCBuildConfiguration;
			buildSettings = {
				DEVELOPMENT_TEAM = 76GX335AG2;
			};
			name = Debug;
		};
		D0BDF3FC2F6B88AA0008E95E /* Release */ = {
			isa = XCBuildConfiguration;
			buildSettings = {
				DEVELOPMENT_TEAM = 76GX335AG2;
			};
			name = Release;
		};
/* End XCBuildConfiguration section */

/* Begin XCConfigurationList section */
		D0BDF3FA2F6B88AA0008E95E /* Build configuration list for PBXProject "BenVanAken" */ = {
			isa = XCConfigurationList;
			buildConfigurations = (
				D0BDF3FB2F6B88AA0008E95E /* Debug */,
				D0BDF3FC2F6B88AA0008E95E /* Release */,
			);
			defaultConfigurationIsVisible = 0;
			defaultConfigurationName = Release;
		};
/* End XCConfigurationList section */
	};
	rootObject = D0BDF3F72F6B88AA0008E95E /* Project object */;
}
